
Microsoft Visual Studio Solution File, Format Version 12.00
# Visual Studio Version 16
VisualStudioVersion = 16.0.29806.167
MinimumVisualStudioVersion = 10.0.40219.1
Project("{FAE04EC0-301F-11D3-BF4B-00C04F79EFBC}") = "ObligatoriskOpgave", "ObligatoriskOpgave\ObligatoriskOpgave.csproj", "{2CD5F8F3-D587-446F-8643-424F307A4689}"
EndProject
Project("{FAE04EC0-301F-11D3-BF4B-00C04F79EFBC}") = "UnitTest", "UnitTest\UnitTest.csproj", "{9CB217AA-FCF9-4298-A2F8-B99A3734CE8D}"
EndProject
Global
	GlobalSection(SolutionConfigurationPlatforms) = preSolution
		Debug|Any CPU = Debug|Any CPU
		Release|Any CPU = Release|Any CPU
	EndGlobalSection
	GlobalSection(ProjectConfigurationPlatforms) = postSolution
		{2CD5F8F3-D587-446F-8643-424F307A4689}.Debug|Any CPU.ActiveCfg = Debug|Any CPU
		{2CD5F8F3-D587-446F-8643-424F307A4689}.Debug|Any CPU.Build.0 = Debug|Any CPU
		{2CD5F8F3-D587-446F-8643-424F307A4689}.Release|Any CPU.ActiveCfg = Release|Any CPU
		{2CD5F8F3-D587-446F-8643-424F307A4689}.Release|Any CPU.Build.0 = Release|Any CPU
		{9CB217AA-FCF9-4298-A2F8-B99A3734CE8D}.Debug|Any CPU.ActiveCfg = Debug|Any CPU
		{9CB217AA-FCF9-4298-A2F8-B99A3734CE8D}.Debug|Any CPU.Build.0 = Debug|Any CPU
		{9CB217AA-FCF9-4298-A2F8-B99A3734CE8D}.Release|Any CPU.ActiveCfg = Release|Any CPU
		{9CB217AA-FCF9-4298-A2F8-B99A3734CE8D}.Release|Any CPU.Build.0 = Release|Any CPU
	EndGlobalSection
	GlobalSection(SolutionProperties) = preSolution
		HideSolutionNode = FALSE
	EndGlobalSection
	GlobalSection(ExtensibilityGlobals) = postSolution
		SolutionGuid = {C6A83415-8CA3-4524-88B6-CF379E9BD275}
	EndGlobalSection
EndGlobal
